
Microsoft Visual Studio Solution File, Format Version 12.00
# Visual Studio Version 17
VisualStudioVersion = 17.8.34330.188
MinimumVisualStudioVersion = 10.0.40219.1
Project("{FAE04EC0-301F-11D3-BF4B-00C04F79EFBC}") = "Laborator7", "Laborator7.csproj", "{C5515B44-010D-4570-B9F0-861BEE3701A3}"
EndProject
Global
	GlobalSection(SolutionConfigurationPlatforms) = preSolution
		Debug|Any CPU = Debug|Any CPU
		Release|Any CPU = Release|Any CPU
	EndGlobalSection
	GlobalSection(ProjectConfigurationPlatforms) = postSolution
		{C5515B44-010D-4570-B9F0-861BEE3701A3}.Debug|Any CPU.ActiveCfg = Debug|Any CPU
		{C5515B44-010D-4570-B9F0-861BEE3701A3}.Debug|Any CPU.Build.0 = Debug|Any CPU
		{C5515B44-010D-4570-B9F0-861BEE3701A3}.Debug|Any CPU.Deploy.0 = Debug|Any CPU
		{C5515B44-010D-4570-B9F0-861BEE3701A3}.Release|Any CPU.ActiveCfg = Release|Any CPU
		{C5515B44-010D-4570-B9F0-861BEE3701A3}.Release|Any CPU.Build.0 = Release|Any CPU
		{C5515B44-010D-4570-B9F0-861BEE3701A3}.Release|Any CPU.Deploy.0 = Release|Any CPU
	EndGlobalSection
	GlobalSection(SolutionProperties) = preSolution
		HideSolutionNode = FALSE
	EndGlobalSection
	GlobalSection(ExtensibilityGlobals) = postSolution
		SolutionGuid = {CD5E1559-6FEF-4C83-A15B-75A1B7760B27}
	EndGlobalSection
EndGlobal
